
Microsoft Visual Studio Solution File, Format Version 12.00
# Visual Studio Version 17
VisualStudioVersion = 17.8.34316.72
MinimumVisualStudioVersion = 10.0.40219.1
Project("{FAE04EC0-301F-11D3-BF4B-00C04F79EFBC}") = "EjercicioOperadores, Jose Mendoza", "EjercicioOperadores, Jose Mendoza.csproj", "{348CB3E2-E3E9-4DF8-B9C6-133A80F27217}"
EndProject
Global
	GlobalSection(SolutionConfigurationPlatforms) = preSolution
		Debug|Any CPU = Debug|Any CPU
		Release|Any CPU = Release|Any CPU
	EndGlobalSection
	GlobalSection(ProjectConfigurationPlatforms) = postSolution
		{348CB3E2-E3E9-4DF8-B9C6-133A80F27217}.Debug|Any CPU.ActiveCfg = Debug|Any CPU
		{348CB3E2-E3E9-4DF8-B9C6-133A80F27217}.Debug|Any CPU.Build.0 = Debug|Any CPU
		{348CB3E2-E3E9-4DF8-B9C6-133A80F27217}.Release|Any CPU.ActiveCfg = Release|Any CPU
		{348CB3E2-E3E9-4DF8-B9C6-133A80F27217}.Release|Any CPU.Build.0 = Release|Any CPU
	EndGlobalSection
	GlobalSection(SolutionProperties) = preSolution
		HideSolutionNode = FALSE
	EndGlobalSection
	GlobalSection(ExtensibilityGlobals) = postSolution
		SolutionGuid = {FC99AF38-4ED6-45B1-BF7E-A4ABD6205D07}
	EndGlobalSection
EndGlobal
